
Microsoft Visual Studio Solution File, Format Version 12.00
# Visual Studio Version 17
VisualStudioVersion = 17.1.31911.260
MinimumVisualStudioVersion = 10.0.40219.1
Project("{FAE04EC0-301F-11D3-BF4B-00C04F79EFBC}") = "PixelScreens", "PixelScreens\PixelScreens.csproj", "{C1CC0491-3876-43E0-9C83-2998894EEE86}"
EndProject
Global
	GlobalSection(SolutionConfigurationPlatforms) = preSolution
		Debug|Any CPU = Debug|Any CPU
		Release|Any CPU = Release|Any CPU
	EndGlobalSection
	GlobalSection(ProjectConfigurationPlatforms) = postSolution
		{C1CC0491-3876-43E0-9C83-2998894EEE86}.Debug|Any CPU.ActiveCfg = Debug|Any CPU
		{C1CC0491-3876-43E0-9C83-2998894EEE86}.Debug|Any CPU.Build.0 = Debug|Any CPU
		{C1CC0491-3876-43E0-9C83-2998894EEE86}.Release|Any CPU.ActiveCfg = Release|Any CPU
		{C1CC0491-3876-43E0-9C83-2998894EEE86}.Release|Any CPU.Build.0 = Release|Any CPU
	EndGlobalSection
	GlobalSection(SolutionProperties) = preSolution
		HideSolutionNode = FALSE
	EndGlobalSection
	GlobalSection(ExtensibilityGlobals) = postSolution
		SolutionGuid = {B42578E0-E939-4D42-9CE8-4D5CA9526E0A}
	EndGlobalSection
EndGlobal
